{
  "version": 4,
  "terraform_version": "1.14.3",
  "serial": 208,
  "lineage": "c6cc8f3f-054a-9f3c-7f15-445af9612db3",
  "outputs": {
    "api_gateway_url": {
      "value": "https://pok25v1u78.execute-api.us-east-1.amazonaws.com",
      "type": "string"
    },
    "influxdb_bucket_name": {
      "value": "mi-bucket-inicial",
      "type": "string"
    },
    "influxdb_endpoint": {
      "value": "ideg6cw4dy-bezw2yukxgelyz.timestream-influxdb.us-east-1.on.aws",
      "type": "string"
    },
    "influxdb_password_token": {
      "value": "TuContrasenaSegura2026",
      "type": "string",
      "sensitive": true
    },
    "influxdb_port": {
      "value": 8086,
      "type": "number"
    },
    "influxdb_secret_arn": {
      "value": "arn:aws:secretsmanager:us-east-1:251622686387:secret:influxdb_admin_token_0fa71ed1-2e40-565c-989a-3b1a862e1f7b-W9dJ0N",
      "type": "string"
    },
    "iot_certificate_pem": {
      "value": "-----BEGIN CERTIFICATE-----\nMIIDWTCCAkGgAwIBAgIUZ4Aw142hJM0jPeRpoTlFcgm9Q+YwDQYJKoZIhvcNAQEL\nBQAwTTFLMEkGA1UECwxCQW1hem9uIFdlYiBTZXJ2aWNlcyBPPUFtYXpvbi5jb20g\nSW5jLiBMPVNlYXR0bGUgU1Q9V2FzaGluZ3RvbiBDPVVTMB4XDTI2MDMxMjE0Mzkz\nM1oXDTQ5MTIzMTIzNTk1OVowHjEcMBoGA1UEAwwTQVdTIElvVCBDZXJ0aWZpY2F0\nZTCCASIwDQYJKoZIhvcNAQEBBQADggEPADCCAQoCggEBALspq9r6EJcGrUKdqBFB\nRM5BqvM4AqSQSiC9G+1GTJiXKUEU2dFDJHI8ujCmQYzNeaGNruA/QD1WT66FfyF3\ngs6HVC6irspgwTR2dDFM6rgAmY+1dVJZjAUbNWU1gqNwjSDtW19DOUF9RrLRQW6v\n2qIpfQNBK6ml+jGUCiBBYok4cCBQHgbD0Poj54OaoxNezZaQtEgHN6pPGRwJrTBU\nSfsldeY45LG7qBeHbuDYQ5X4UKB5ZbetR1hIYZ7XkvXBo1E+D2c/V3vCyTJNOUhe\nQJiENOkLtmkd9I0rw+hBLU4Vtl28P5aBmCTJJnIeP9qazs5afI/N/ZDCrofZ+Iyn\n0lcCAwEAAaNgMF4wHwYDVR0jBBgwFoAU74OSzf3dpIOge1jstGz0pJvy5CUwHQYD\nVR0OBBYEFCChcvSWtEMOIyQhZ97RpxMAJmV2MAwGA1UdEwEB/wQCMAAwDgYDVR0P\nAQH/BAQDAgeAMA0GCSqGSIb3DQEBCwUAA4IBAQA5bR9AojYBwZRykWJt8fTXUG32\nCyQpn/CwGtfaEtyIJpp+uJzu/GmrhtL0fhvWqFukX4c9gjrm9fHnKxcY9QtJnZEK\nHkGfMbM44rMsNxY3xKFp08Bs9UT0IJwbZVaZsDpAq8mYCoJeFSskkqgIC4sM0LtY\nO4xGCDvu/FA+dpBbnx57OM6R2q5+QAd63L0a192fkAnjRtdVLE7nxVqDLkNj6gDU\nCXDU0tDLE7dccTbNnNY/gY8ACn3lIqFz50Os1eWd4Cg/Cb92GNi3Hl4/gjSnZxe7\nRj4D7WFqb1KBZJlsBY2J/ewesNNjlpRC1+vMictlUCj0fTZPn26MoV1HWiep\n-----END CERTIFICATE-----\n",
      "type": "string",
      "sensitive": true
    },
    "iot_private_key": {
      "value": "-----BEGIN RSA PRIVATE KEY-----\nMIIEowIBAAKCAQEAuymr2voQlwatQp2oEUFEzkGq8zgCpJBKIL0b7UZMmJcpQRTZ\n0UMkcjy6MKZBjM15oY2u4D9APVZProV/IXeCzodULqKuymDBNHZ0MUzquACZj7V1\nUlmMBRs1ZTWCo3CNIO1bX0M5QX1GstFBbq/aoil9A0ErqaX6MZQKIEFiiThwIFAe\nBsPQ+iPng5qjE17NlpC0SAc3qk8ZHAmtMFRJ+yV15jjksbuoF4du4NhDlfhQoHll\nt61HWEhhnteS9cGjUT4PZz9Xe8LJMk05SF5AmIQ06Qu2aR30jSvD6EEtThW2Xbw/\nloGYJMkmch4/2prOzlp8j839kMKuh9n4jKfSVwIDAQABAoIBAQChMdatlknLiRiY\nEyi5E7mq2qvdJhRAn3T4lWcECFPX5/jD8K1YqbcuHFdPpyE1n5JuLZS71j4BleCy\nso83x7KFJdC/CaX47zP3dz3DaDePmhSnzOTqs+0ASNrH/DozgbBK96KGfWNGoBrP\nz6HHLvXiTFE7CFoOlsDRCmteNHIlM1iPo1ucHj43deR3lEDXDnxCSyxzCZ74Ju4V\n9IL/mu9l1/tQ+x3XkjW/1HPy+xIuXRiyJYhbY4NBxMfB99MYN8/r3Cqj/VpKGZat\nIWgfKP+D7UAnWUwwcsoA6ooRSHYlLxd6N9rMlk5Spvn3nEFnNGKqYe7zM0/RdCd6\nQiD7f2nhAoGBAOpp1KU0qQNm0qAPGC/VcqMrtHWPmTFaxL3/i38C/uRX1noyxtXz\nAVjHXJi36alXs5XwmHHhNvEaLxvBUQmcrZ8hO0yZVmQC5zVOSNQ4L4iXyZqlmrqF\nZJY9C5xi6DsgEJWLpDvIsqLaEU1jiHQ/L9aYVDbHDUbh8hbb3hE/Zf27AoGBAMxl\n7sj99p4XJ20Xw9mHZnHt3YntNpeVMlbqoJKzYAhd9HfXaOtf08+xptr8+o2ASj+m\n+qXurqfI1FhSQJOdtr+Tkq/vor/zn9U+WF4qrsUmyX8oIZjhpHU1mYczspHI1lG1\nA/IBN62Sm8eTGfjyM1Ho+SZkwz1iAJLRJkAGvOYVAoGALYAnX33uRJPD1H+5kSdc\nXiHQoHUkJjlZMQwWVqwNL+OA5S1P/R1zKHliFt60A0PbvwH5hTlTAc+0Ty3h/fyk\nktvPd9nXtAgAOw+cAV16lIfqAROeChB0atkklNF6BGf/8Bcv5M7bJdMwQpZMWUwe\njAf7aLqQcC7RX/CDlVN6B5sCgYAulSyOchK6hNxfaIMiGFGotWVAAefnNAF8/YwK\n4waH4aHNjjJDMlu7geldDzqq9Qn2579IAdWcN5DtcBF3kwILNz6/CgY1aPiMSOEq\n1N9v3x8c87B0fzhT3htXTNjtkLAHfxGfHdfqnvcRzNymd8xqZoYh0eUNIECxNSla\nfi6e4QKBgC0NKFeNnk/PBoWkQmEHQe5B3RLEnHbp2asz9yy40ymcFj3u3EJGDPJN\nRajlk0rgOGEBTttymM1jeKL9E++Wq2gR2p+O7kGH7wjLUOQGbkR9fn2P6aENgHVY\nX7XTBy5VPicSulwmEI2qLFvVcA9EgX0am+P0dbyY0Z8GL9JNxfrt\n-----END RSA PRIVATE KEY-----\n",
      "type": "string",
      "sensitive": true
    },
    "iot_thing_name": {
      "value": "usv_thing",
      "type": "string"
    },
    "vm_elastic_ip": {
      "value": "18.213.131.17",
      "type": "string"
    },
    "vm_instance_id": {
      "value": "i-08306dd3f462b9333",
      "type": "string"
    }
  },
  "resources": [
    {
      "module": "module.gateway-http",
      "mode": "managed",
      "type": "aws_apigatewayv2_api",
      "name": "sentinel_api",
      "provider": "module.gateway-http.provider[\"registry.terraform.io/hashicorp/aws\"]",
      "instances": [
        {
          "schema_version": 0,
          "attributes": {
            "api_endpoint": "https://pok25v1u78.execute-api.us-east-1.amazonaws.com",
            "api_key_selection_expression": "$request.header.x-api-key",
            "arn": "arn:aws:apigateway:us-east-1::/apis/pok25v1u78",
            "body": null,
            "cors_configuration": [
              {
                "allow_credentials": false,
                "allow_headers": [
                  "*"
                ],
                "allow_methods": [
                  "DELETE",
                  "GET",
                  "OPTIONS",
                  "POST",
                  "PUT"
                ],
                "allow_origins": [
                  "*"
                ],
                "expose_headers": [],
                "max_age": 0
              }
            ],
            "credentials_arn": null,
            "description": "",
            "disable_execute_api_endpoint": false,
            "execution_arn": "arn:aws:execute-api:us-east-1:251622686387:pok25v1u78",
            "fail_on_warnings": null,
            "id": "pok25v1u78",
            "ip_address_type": "ipv4",
            "name": "sentinel-http-api",
            "protocol_type": "HTTP",
            "route_key": null,
            "route_selection_expression": "$request.method $request.path",
            "tags": {},
            "tags_all": {},
            "target": null,
            "version": ""
          },
          "sensitive_attributes": [],
          "identity_schema_version": 0,
          "private": "bnVsbA=="
        }
      ]
    },
    {
      "module": "module.gateway-http",
      "mode": "managed",
      "type": "aws_apigatewayv2_authorizer",
      "name": "cognito_jwt",
      "provider": "module.gateway-http.provider[\"registry.terraform.io/hashicorp/aws\"]",
      "instances": [
        {
          "schema_version": 0,
          "attributes": {
            "api_id": "pok25v1u78",
            "authorizer_credentials_arn": "",
            "authorizer_payload_format_version": "",
            "authorizer_result_ttl_in_seconds": 0,
            "authorizer_type": "JWT",
            "authorizer_uri": "",
            "enable_simple_responses": false,
            "id": "v91fk9",
            "identity_sources": [
              "$request.header.Authorization"
            ],
            "jwt_configuration": [
              {
                "audience": [
                  "7k22tsf93huoqkcjlp6oivvjbl"
                ],
                "issuer": "https://cognito-idp.us-east-1.amazonaws.com/us-east-1_2ZOyS9sDI"
              }
            ],
            "name": "sentinel-jwt-authorizer",
            "timeouts": null
          },
          "sensitive_attributes": [],
          "identity_schema_version": 0,
          "private": "eyJlMmJmYjczMC1lY2FhLTExZTYtOGY4OC0zNDM2M2JjN2M0YzAiOnsiZGVsZXRlIjoxODAwMDAwMDAwMDAwfX0=",
          "dependencies": [
            "module.cognito.aws_cognito_user_pool.sentinel_pool",
            "module.cognito.aws_cognito_user_pool_client.sentinel_client",
            "module.gateway-http.aws_apigatewayv2_api.sentinel_api"
          ]
        }
      ]
    },
    {
      "module": "module.gateway-http",
      "mode": "managed",
      "type": "aws_apigatewayv2_integration",
      "name": "sentinel_integration",
      "provider": "module.gateway-http.provider[\"registry.terraform.io/hashicorp/aws\"]",
      "instances": [
        {
          "schema_version": 0,
          "attributes": {
            "api_id": "pok25v1u78",
            "connection_id": "",
            "connection_type": "INTERNET",
            "content_handling_strategy": "",
            "credentials_arn": "",
            "description": "",
            "id": "xelbpkk",
            "integration_method": "ANY",
            "integration_response_selection_expression": "",
            "integration_subtype": "",
            "integration_type": "HTTP_PROXY",
            "integration_uri": "http://18.213.131.17:8080",
            "passthrough_behavior": "",
            "payload_format_version": "1.0",
            "request_parameters": {
              "append:header.x-user-email": "$context.authorizer.jwt.claims.email",
              "append:header.x-user-role": "$context.authorizer.jwt.claims['cognito:groups']",
              "append:header.x-user-sub": "$context.authorizer.jwt.claims.sub"
            },
            "request_templates": {},
            "response_parameters": [],
            "template_selection_expression": "",
            "timeout_milliseconds": 30000,
            "tls_config": []
          },
          "sensitive_attributes": [],
          "identity_schema_version": 0,
          "private": "bnVsbA==",
          "dependencies": [
            "module.gateway-http.aws_apigatewayv2_api.sentinel_api",
            "module.vm-sentinel.aws_eip.sentinel_eip",
            "module.vm-sentinel.aws_instance.sentinel",
            "module.vm-sentinel.aws_key_pair.sentinel_ec2_key_pair",
            "module.vm-sentinel.aws_security_group.docker_sg",
            "module.vm-sentinel.data.aws_ami.ubuntu_22_04"
          ]
        }
      ]
    },
    {
      "module": "module.gateway-http",
      "mode": "managed",
      "type": "aws_apigatewayv2_route",
      "name": "sentinel_route",
      "provider": "module.gateway-http.provider[\"registry.terraform.io/hashicorp/aws\"]",
      "instances": [
        {
          "schema_version": 0,
          "attributes": {
            "api_id": "pok25v1u78",
            "api_key_required": false,
            "authorization_scopes": [],
            "authorization_type": "NONE",
            "authorizer_id": "",
            "id": "chlvovh",
            "model_selection_expression": "",
            "operation_name": "",
            "request_models": {},
            "request_parameter": [],
            "route_key": "$default",
            "route_response_selection_expression": "",
            "target": "integrations/xelbpkk"
          },
          "sensitive_attributes": [],
          "identity_schema_version": 0,
          "private": "bnVsbA==",
          "dependencies": [
            "module.gateway-http.aws_apigatewayv2_api.sentinel_api",
            "module.gateway-http.aws_apigatewayv2_integration.sentinel_integration",
            "module.vm-sentinel.aws_eip.sentinel_eip",
            "module.vm-sentinel.aws_instance.sentinel",
            "module.vm-sentinel.aws_key_pair.sentinel_ec2_key_pair",
            "module.vm-sentinel.aws_security_group.docker_sg",
            "module.vm-sentinel.data.aws_ami.ubuntu_22_04"
          ]
        }
      ]
    },
    {
      "module": "module.gateway-http",
      "mode": "managed",
      "type": "aws_apigatewayv2_stage",
      "name": "sentinel_stage",
      "provider": "module.gateway-http.provider[\"registry.terraform.io/hashicorp/aws\"]",
      "instances": [
        {
          "schema_version": 0,
          "attributes": {
            "access_log_settings": [],
            "api_id": "pok25v1u78",
            "arn": "arn:aws:apigateway:us-east-1::/apis/pok25v1u78/stages/$default",
            "auto_deploy": true,
            "client_certificate_id": "",
            "default_route_settings": [
              {
                "data_trace_enabled": false,
                "detailed_metrics_enabled": false,
                "logging_level": "",
                "throttling_burst_limit": 0,
                "throttling_rate_limit": 0
              }
            ],
            "deployment_id": "iz7aiw",
            "description": "",
            "execution_arn": "arn:aws:execute-api:us-east-1:251622686387:pok25v1u78/$default",
            "id": "$default",
            "invoke_url": "https://pok25v1u78.execute-api.us-east-1.amazonaws.com/",
            "name": "$default",
            "route_settings": [],
            "stage_variables": {},
            "tags": {},
            "tags_all": {}
          },
          "sensitive_attributes": [],
          "identity_schema_version": 0,
          "private": "bnVsbA==",
          "dependencies": [
            "module.gateway-http.aws_apigatewayv2_api.sentinel_api"
          ]
        }
      ]
    },
    {
      "module": "module.iot-core",
      "mode": "data",
      "type": "aws_caller_identity",
      "name": "current",
      "provider": "module.iot-core.provider[\"registry.terraform.io/hashicorp/aws\"]",
      "instances": [
        {
          "schema_version": 0,
          "attributes": {
            "account_id": "251622686387",
            "arn": "arn:aws:iam::251622686387:user/sentinelLuna",
            "id": "251622686387",
            "user_id": "AIDATVFPBP2Z27GMRMM5J"
          },
          "sensitive_attributes": [],
          "identity_schema_version": 0
        }
      ]
    },
    {
      "module": "module.iot-core",
      "mode": "data",
      "type": "aws_region",
      "name": "current",
      "provider": "module.iot-core.provider[\"registry.terraform.io/hashicorp/aws\"]",
      "instances": [
        {
          "schema_version": 0,
          "attributes": {
            "description": "US East (N. Virginia)",
            "endpoint": "ec2.us-east-1.amazonaws.com",
            "id": "us-east-1",
            "name": "us-east-1"
          },
          "sensitive_attributes": [],
          "identity_schema_version": 0
        }
      ]
    },
    {
      "module": "module.iot-core",
      "mode": "managed",
      "type": "aws_iot_certificate",
      "name": "usv_cert",
      "provider": "module.iot-core.provider[\"registry.terraform.io/hashicorp/aws\"]",
      "instances": [
        {
          "schema_version": 0,
          "attributes": {
            "active": true,
            "arn": "arn:aws:iot:us-east-1:251622686387:cert/1329d4bbc655ccb0d55d1f5d46b6e0e21a60f9ca22d244d523bfa585939b7904",
            "ca_certificate_id": "",
            "ca_pem": null,
            "certificate_pem": "-----BEGIN CERTIFICATE-----\nMIIDWTCCAkGgAwIBAgIUZ4Aw142hJM0jPeRpoTlFcgm9Q+YwDQYJKoZIhvcNAQEL\nBQAwTTFLMEkGA1UECwxCQW1hem9uIFdlYiBTZXJ2aWNlcyBPPUFtYXpvbi5jb20g\nSW5jLiBMPVNlYXR0bGUgU1Q9V2FzaGluZ3RvbiBDPVVTMB4XDTI2MDMxMjE0Mzkz\nM1oXDTQ5MTIzMTIzNTk1OVowHjEcMBoGA1UEAwwTQVdTIElvVCBDZXJ0aWZpY2F0\nZTCCASIwDQYJKoZIhvcNAQEBBQADggEPADCCAQoCggEBALspq9r6EJcGrUKdqBFB\nRM5BqvM4AqSQSiC9G+1GTJiXKUEU2dFDJHI8ujCmQYzNeaGNruA/QD1WT66FfyF3\ngs6HVC6irspgwTR2dDFM6rgAmY+1dVJZjAUbNWU1gqNwjSDtW19DOUF9RrLRQW6v\n2qIpfQNBK6ml+jGUCiBBYok4cCBQHgbD0Poj54OaoxNezZaQtEgHN6pPGRwJrTBU\nSfsldeY45LG7qBeHbuDYQ5X4UKB5ZbetR1hIYZ7XkvXBo1E+D2c/V3vCyTJNOUhe\nQJiENOkLtmkd9I0rw+hBLU4Vtl28P5aBmCTJJnIeP9qazs5afI/N/ZDCrofZ+Iyn\n0lcCAwEAAaNgMF4wHwYDVR0jBBgwFoAU74OSzf3dpIOge1jstGz0pJvy5CUwHQYD\nVR0OBBYEFCChcvSWtEMOIyQhZ97RpxMAJmV2MAwGA1UdEwEB/wQCMAAwDgYDVR0P\nAQH/BAQDAgeAMA0GCSqGSIb3DQEBCwUAA4IBAQA5bR9AojYBwZRykWJt8fTXUG32\nCyQpn/CwGtfaEtyIJpp+uJzu/GmrhtL0fhvWqFukX4c9gjrm9fHnKxcY9QtJnZEK\nHkGfMbM44rMsNxY3xKFp08Bs9UT0IJwbZVaZsDpAq8mYCoJeFSskkqgIC4sM0LtY\nO4xGCDvu/FA+dpBbnx57OM6R2q5+QAd63L0a192fkAnjRtdVLE7nxVqDLkNj6gDU\nCXDU0tDLE7dccTbNnNY/gY8ACn3lIqFz50Os1eWd4Cg/Cb92GNi3Hl4/gjSnZxe7\nRj4D7WFqb1KBZJlsBY2J/ewesNNjlpRC1+vMictlUCj0fTZPn26MoV1HWiep\n-----END CERTIFICATE-----\n",
            "csr": null,
            "id": "1329d4bbc655ccb0d55d1f5d46b6e0e21a60f9ca22d244d523bfa585939b7904",
            "private_key": "-----BEGIN RSA PRIVATE KEY-----\nMIIEowIBAAKCAQEAuymr2voQlwatQp2oEUFEzkGq8zgCpJBKIL0b7UZMmJcpQRTZ\n0UMkcjy6MKZBjM15oY2u4D9APVZProV/IXeCzodULqKuymDBNHZ0MUzquACZj7V1\nUlmMBRs1ZTWCo3CNIO1bX0M5QX1GstFBbq/aoil9A0ErqaX6MZQKIEFiiThwIFAe\nBsPQ+iPng5qjE17NlpC0SAc3qk8ZHAmtMFRJ+yV15jjksbuoF4du4NhDlfhQoHll\nt61HWEhhnteS9cGjUT4PZz9Xe8LJMk05SF5AmIQ06Qu2aR30jSvD6EEtThW2Xbw/\nloGYJMkmch4/2prOzlp8j839kMKuh9n4jKfSVwIDAQABAoIBAQChMdatlknLiRiY\nEyi5E7mq2qvdJhRAn3T4lWcECFPX5/jD8K1YqbcuHFdPpyE1n5JuLZS71j4BleCy\nso83x7KFJdC/CaX47zP3dz3DaDePmhSnzOTqs+0ASNrH/DozgbBK96KGfWNGoBrP\nz6HHLvXiTFE7CFoOlsDRCmteNHIlM1iPo1ucHj43deR3lEDXDnxCSyxzCZ74Ju4V\n9IL/mu9l1/tQ+x3XkjW/1HPy+xIuXRiyJYhbY4NBxMfB99MYN8/r3Cqj/VpKGZat\nIWgfKP+D7UAnWUwwcsoA6ooRSHYlLxd6N9rMlk5Spvn3nEFnNGKqYe7zM0/RdCd6\nQiD7f2nhAoGBAOpp1KU0qQNm0qAPGC/VcqMrtHWPmTFaxL3/i38C/uRX1noyxtXz\nAVjHXJi36alXs5XwmHHhNvEaLxvBUQmcrZ8hO0yZVmQC5zVOSNQ4L4iXyZqlmrqF\nZJY9C5xi6DsgEJWLpDvIsqLaEU1jiHQ/L9aYVDbHDUbh8hbb3hE/Zf27AoGBAMxl\n7sj99p4XJ20Xw9mHZnHt3YntNpeVMlbqoJKzYAhd9HfXaOtf08+xptr8+o2ASj+m\n+qXurqfI1FhSQJOdtr+Tkq/vor/zn9U+WF4qrsUmyX8oIZjhpHU1mYczspHI1lG1\nA/IBN62Sm8eTGfjyM1Ho+SZkwz1iAJLRJkAGvOYVAoGALYAnX33uRJPD1H+5kSdc\nXiHQoHUkJjlZMQwWVqwNL+OA5S1P/R1zKHliFt60A0PbvwH5hTlTAc+0Ty3h/fyk\nktvPd9nXtAgAOw+cAV16lIfqAROeChB0atkklNF6BGf/8Bcv5M7bJdMwQpZMWUwe\njAf7aLqQcC7RX/CDlVN6B5sCgYAulSyOchK6hNxfaIMiGFGotWVAAefnNAF8/YwK\n4waH4aHNjjJDMlu7geldDzqq9Qn2579IAdWcN5DtcBF3kwILNz6/CgY1aPiMSOEq\n1N9v3x8c87B0fzhT3htXTNjtkLAHfxGfHdfqnvcRzNymd8xqZoYh0eUNIECxNSla\nfi6e4QKBgC0NKFeNnk/PBoWkQmEHQe5B3RLEnHbp2asz9yy40ymcFj3u3EJGDPJN\nRajlk0rgOGEBTttymM1jeKL9E++Wq2gR2p+O7kGH7wjLUOQGbkR9fn2P6aENgHVY\nX7XTBy5VPicSulwmEI2qLFvVcA9EgX0am+P0dbyY0Z8GL9JNxfrt\n-----END RSA PRIVATE KEY-----\n",
            "public_key": "-----BEGIN PUBLIC KEY-----\nMIIBIjANBgkqhkiG9w0BAQEFAAOCAQ8AMIIBCgKCAQEAuymr2voQlwatQp2oEUFE\nzkGq8zgCpJBKIL0b7UZMmJcpQRTZ0UMkcjy6MKZBjM15oY2u4D9APVZProV/IXeC\nzodULqKuymDBNHZ0MUzquACZj7V1UlmMBRs1ZTWCo3CNIO1bX0M5QX1GstFBbq/a\noil9A0ErqaX6MZQKIEFiiThwIFAeBsPQ+iPng5qjE17NlpC0SAc3qk8ZHAmtMFRJ\n+yV15jjksbuoF4du4NhDlfhQoHllt61HWEhhnteS9cGjUT4PZz9Xe8LJMk05SF5A\nmIQ06Qu2aR30jSvD6EEtThW2Xbw/loGYJMkmch4/2prOzlp8j839kMKuh9n4jKfS\nVwIDAQAB\n-----END PUBLIC KEY-----\n"
          },
          "sensitive_attributes": [
            [
              {
                "type": "get_attr",
                "value": "ca_pem"
              }
            ],
            [
              {
                "type": "get_attr",
                "value": "certificate_pem"
              }
            ],
            [
              {
                "type": "get_attr",
                "value": "private_key"
              }
            ],
            [
              {
                "type": "get_attr",
                "value": "public_key"
              }
            ]
          ],
          "identity_schema_version": 0,
          "private": "bnVsbA=="
        }
      ]
    },
    {
      "module": "module.iot-core",
      "mode": "managed",
      "type": "aws_iot_policy",
      "name": "usv_policy",
      "provider": "module.iot-core.provider[\"registry.terraform.io/hashicorp/aws\"]",
      "instances": [
        {
          "schema_version": 0,
          "attributes": {
            "arn": "arn:aws:iot:us-east-1:251622686387:policy/usv-iot-policy",
            "default_version_id": "1",
            "id": "usv-iot-policy",
            "name": "usv-iot-policy",
            "policy": "{\"Statement\":[{\"Action\":[\"iot:Connect\"],\"Effect\":\"Allow\",\"Resource\":[\"arn:aws:iot:us-east-1:251622686387:client/usv_thing\"]},{\"Action\":[\"iot:Publish\",\"iot:Receive\"],\"Effect\":\"Allow\",\"Resource\":[\"arn:aws:iot:us-east-1:251622686387:topic/usv_thing/*\"]},{\"Action\":[\"iot:Subscribe\"],\"Effect\":\"Allow\",\"Resource\":[\"arn:aws:iot:us-east-1:251622686387:topicfilter/usv_thing/*\"]},{\"Action\":[\"iot:GetThingShadow\",\"iot:UpdateThingShadow\"],\"Effect\":\"Allow\",\"Resource\":[\"arn:aws:iot:us-east-1:251622686387:thing/usv_thing\"]}],\"Version\":\"2012-10-17\"}",
            "tags": {},
            "tags_all": {},
            "timeouts": null
          },
          "sensitive_attributes": [],
          "identity_schema_version": 0,
          "private": "eyJlMmJmYjczMC1lY2FhLTExZTYtOGY4OC0zNDM2M2JjN2M0YzAiOnsiZGVsZXRlIjozMDAwMDAwMDAwMDAsInVwZGF0ZSI6NjAwMDAwMDAwMDB9fQ==",
          "dependencies": [
            "module.iot-core.data.aws_caller_identity.current",
            "module.iot-core.data.aws_region.current"
          ]
        }
      ]
    },
    {
      "module": "module.iot-core",
      "mode": "managed",
      "type": "aws_iot_policy_attachment",
      "name": "policy_attach",
      "provider": "module.iot-core.provider[\"registry.terraform.io/hashicorp/aws\"]",
      "instances": [
        {
          "schema_version": 0,
          "attributes": {
            "id": "usv-iot-policy|arn:aws:iot:us-east-1:251622686387:cert/1329d4bbc655ccb0d55d1f5d46b6e0e21a60f9ca22d244d523bfa585939b7904",
            "policy": "usv-iot-policy",
            "target": "arn:aws:iot:us-east-1:251622686387:cert/1329d4bbc655ccb0d55d1f5d46b6e0e21a60f9ca22d244d523bfa585939b7904"
          },
          "sensitive_attributes": [],
          "identity_schema_version": 0,
          "private": "bnVsbA==",
          "dependencies": [
            "module.iot-core.aws_iot_certificate.usv_cert",
            "module.iot-core.aws_iot_policy.usv_policy",
            "module.iot-core.data.aws_caller_identity.current",
            "module.iot-core.data.aws_region.current"
          ]
        }
      ]
    },
    {
      "module": "module.iot-core",
      "mode": "managed",
      "type": "aws_iot_thing",
      "name": "usv",
      "provider": "module.iot-core.provider[\"registry.terraform.io/hashicorp/aws\"]",
      "instances": [
        {
          "schema_version": 0,
          "attributes": {
            "arn": "arn:aws:iot:us-east-1:251622686387:thing/usv_thing",
            "attributes": {},
            "default_client_id": "usv_thing",
            "id": "usv_thing",
            "name": "usv_thing",
            "thing_type_name": "",
            "version": 1
          },
          "sensitive_attributes": [],
          "identity_schema_version": 0,
          "private": "bnVsbA=="
        }
      ]
    },
    {
      "module": "module.iot-core",
      "mode": "managed",
      "type": "aws_iot_thing_principal_attachment",
      "name": "thing_attach",
      "provider": "module.iot-core.provider[\"registry.terraform.io/hashicorp/aws\"]",
      "instances": [
        {
          "schema_version": 0,
          "attributes": {
            "id": "usv_thing|arn:aws:iot:us-east-1:251622686387:cert/1329d4bbc655ccb0d55d1f5d46b6e0e21a60f9ca22d244d523bfa585939b7904",
            "principal": "arn:aws:iot:us-east-1:251622686387:cert/1329d4bbc655ccb0d55d1f5d46b6e0e21a60f9ca22d244d523bfa585939b7904",
            "thing": "usv_thing"
          },
          "sensitive_attributes": [],
          "identity_schema_version": 0,
          "private": "bnVsbA==",
          "dependencies": [
            "module.iot-core.aws_iot_certificate.usv_cert",
            "module.iot-core.aws_iot_thing.usv"
          ]
        }
      ]
    },
    {
      "module": "module.lambda_influxdb_iotcore",
      "mode": "data",
      "type": "archive_file",
      "name": "lambda_final_zip",
      "provider": "provider[\"registry.terraform.io/hashicorp/archive\"]",
      "instances": [
        {
          "schema_version": 0,
          "attributes": {
            "exclude_symlink_directories": null,
            "excludes": null,
            "id": "f6c7d0cd0097b1d899f2fe10137613d4f2676336",
            "output_base64sha256": "ouz9YuYgE86/dCm/s2GX1o+7XmnKZp3UahWXw4axRcs=",
            "output_base64sha512": "dc7usXhp4d/daQ+pNWHYXy7PIG37TPff84qdFGA/HpV2ymmmXpvcSP+VgDlCsz7RKhp+SXU5swTb1lYk/P9LZA==",
            "output_file_mode": null,
            "output_md5": "90904b11b52f87c4d120af0bd5331dcc",
            "output_path": "lambda_influxdb_iotcore/lambda_function.zip",
            "output_sha": "f6c7d0cd0097b1d899f2fe10137613d4f2676336",
            "output_sha256": "a2ecfd62e62013cebf7429bfb36197d68fbb5e69ca669dd46a1597c386b145cb",
            "output_sha512": "75ceeeb17869e1dfdd690fa93561d85f2ecf206dfb4cf7dff38a9d14603f1e9576ca69a65e9bdc48ff95803942b33ed12a1a7e497539b304dbd65624fcff4b64",
            "output_size": 5089,
            "source": [],
            "source_content": null,
            "source_content_filename": null,
            "source_dir": "lambda_influxdb_iotcore/package",
            "source_file": null,
            "type": "zip"
          },
          "sensitive_attributes": [],
          "identity_schema_version": 0
        }
      ]
    },
    {
      "module": "module.lambda_influxdb_iotcore",
      "mode": "managed",
      "type": "aws_iam_role",
      "name": "lambda_exec",
      "provider": "module.lambda_influxdb_iotcore.provider[\"registry.terraform.io/hashicorp/aws\"]",
      "instances": [
        {
          "schema_version": 0,
          "attributes": {
            "arn": "arn:aws:iam::251622686387:role/iot-to-influxdb_role",
            "assume_role_policy": "{\"Statement\":[{\"Action\":\"sts:AssumeRole\",\"Effect\":\"Allow\",\"Principal\":{\"Service\":\"lambda.amazonaws.com\"}}],\"Version\":\"2012-10-17\"}",
            "create_date": "2026-03-12T14:41:33Z",
            "description": "",
            "force_detach_policies": false,
            "id": "iot-to-influxdb_role",
            "inline_policy": [],
            "managed_policy_arns": [
              "arn:aws:iam::aws:policy/service-role/AWSLambdaBasicExecutionRole"
            ],
            "max_session_duration": 3600,
            "name": "iot-to-influxdb_role",
            "name_prefix": "",
            "path": "/",
            "permissions_boundary": "",
            "tags": {},
            "tags_all": {},
            "unique_id": "AROATVFPBP2Z4ZKPDKAKP"
          },
          "sensitive_attributes": [],
          "identity_schema_version": 0,
          "private": "bnVsbA=="
        }
      ]
    },
    {
      "module": "module.lambda_influxdb_iotcore",
      "mode": "managed",
      "type": "aws_iam_role_policy_attachment",
      "name": "lambda_basic_execution",
      "provider": "module.lambda_influxdb_iotcore.provider[\"registry.terraform.io/hashicorp/aws\"]",
      "instances": [
        {
          "schema_version": 0,
          "attributes": {
            "id": "iot-to-influxdb_role-20260312144133642300000001",
            "policy_arn": "arn:aws:iam::aws:policy/service-role/AWSLambdaBasicExecutionRole",
            "role": "iot-to-influxdb_role"
          },
          "sensitive_attributes": [],
          "identity_schema_version": 0,
          "private": "bnVsbA==",
          "dependencies": [
            "module.lambda_influxdb_iotcore.aws_iam_role.lambda_exec"
          ]
        }
      ]
    },
    {
      "module": "module.lambda_influxdb_iotcore",
      "mode": "managed",
      "type": "aws_iot_topic_rule",
      "name": "rules",
      "provider": "module.lambda_influxdb_iotcore.provider[\"registry.terraform.io/hashicorp/aws\"]",
      "instances": [
        {
          "index_key": "usv_logs",
          "schema_version": 0,
          "attributes": {
            "arn": "arn:aws:iot:us-east-1:251622686387:rule/iot_to_influxdb_rule_usv_logs",
            "cloudwatch_alarm": [],
            "cloudwatch_logs": [],
            "cloudwatch_metric": [],
            "description": "Route usv_logs to InfluxDB Lambda (Target Bucket: logs)",
            "dynamodb": [],
            "dynamodbv2": [],
            "elasticsearch": [],
            "enabled": true,
            "error_action": [],
            "firehose": [],
            "http": [],
            "id": "iot_to_influxdb_rule_usv_logs",
            "iot_analytics": [],
            "iot_events": [],
            "kafka": [],
            "kinesis": [],
            "lambda": [
              {
                "function_arn": "arn:aws:lambda:us-east-1:251622686387:function:iot-to-influxdb"
              }
            ],
            "name": "iot_to_influxdb_rule_usv_logs",
            "republish": [],
            "s3": [],
            "sns": [],
            "sql": "SELECT *, 'logs' as influx_bucket FROM 'usv/logs/data'",
            "sql_version": "2016-03-23",
            "sqs": [],
            "step_functions": [],
            "tags": {},
            "tags_all": {},
            "timestream": []
          },
          "sensitive_attributes": [],
          "identity_schema_version": 0,
          "private": "bnVsbA==",
          "dependencies": [
            "module.lambda_influxdb_iotcore.aws_iam_role.lambda_exec",
            "module.lambda_influxdb_iotcore.aws_lambda_function.iot_influx_lambda",
            "module.lambda_influxdb_iotcore.data.archive_file.lambda_final_zip",
            "module.lambda_influxdb_iotcore.null_resource.prepare_package",
            "module.tsdb-sentinel.aws_security_group.influxdb_sg",
            "module.tsdb-sentinel.aws_subnet.influxdb_public_subnet_1",
            "module.tsdb-sentinel.aws_subnet.influxdb_public_subnet_2",
            "module.tsdb-sentinel.aws_timestreaminfluxdb_db_instance.influxdb_instance",
            "module.tsdb-sentinel.aws_vpc.influxdb_vpc",
            "module.tsdb-sentinel.data.aws_availability_zones.available"
          ]
        },
        {
          "index_key": "usv_mission",
          "schema_version": 0,
          "attributes": {
            "arn": "arn:aws:iot:us-east-1:251622686387:rule/iot_to_influxdb_rule_usv_mission",
            "cloudwatch_alarm": [],
            "cloudwatch_logs": [],
            "cloudwatch_metric": [],
            "description": "Route usv_mission to InfluxDB Lambda (Target Bucket: mission)",
            "dynamodb": [],
            "dynamodbv2": [],
            "elasticsearch": [],
            "enabled": true,
            "error_action": [],
            "firehose": [],
            "http": [],
            "id": "iot_to_influxdb_rule_usv_mission",
            "iot_analytics": [],
            "iot_events": [],
            "kafka": [],
            "kinesis": [],
            "lambda": [
              {
                "function_arn": "arn:aws:lambda:us-east-1:251622686387:function:iot-to-influxdb"
              }
            ],
            "name": "iot_to_influxdb_rule_usv_mission",
            "republish": [],
            "s3": [],
            "sns": [],
            "sql": "SELECT *, 'mission' as influx_bucket FROM 'usv/mission/data'",
            "sql_version": "2016-03-23",
            "sqs": [],
            "step_functions": [],
            "tags": {},
            "tags_all": {},
            "timestream": []
          },
          "sensitive_attributes": [],
          "identity_schema_version": 0,
          "private": "bnVsbA==",
          "dependencies": [
            "module.lambda_influxdb_iotcore.aws_iam_role.lambda_exec",
            "module.lambda_influxdb_iotcore.aws_lambda_function.iot_influx_lambda",
            "module.lambda_influxdb_iotcore.data.archive_file.lambda_final_zip",
            "module.lambda_influxdb_iotcore.null_resource.prepare_package",
            "module.tsdb-sentinel.aws_security_group.influxdb_sg",
            "module.tsdb-sentinel.aws_subnet.influxdb_public_subnet_1",
            "module.tsdb-sentinel.aws_subnet.influxdb_public_subnet_2",
            "module.tsdb-sentinel.aws_timestreaminfluxdb_db_instance.influxdb_instance",
            "module.tsdb-sentinel.aws_vpc.influxdb_vpc",
            "module.tsdb-sentinel.data.aws_availability_zones.available"
          ]
        },
        {
          "index_key": "usv_status",
          "schema_version": 0,
          "attributes": {
            "arn": "arn:aws:iot:us-east-1:251622686387:rule/iot_to_influxdb_rule_usv_status",
            "cloudwatch_alarm": [],
            "cloudwatch_logs": [],
            "cloudwatch_metric": [],
            "description": "Route usv_status to InfluxDB Lambda (Target Bucket: general_status)",
            "dynamodb": [],
            "dynamodbv2": [],
            "elasticsearch": [],
            "enabled": true,
            "error_action": [],
            "firehose": [],
            "http": [],
            "id": "iot_to_influxdb_rule_usv_status",
            "iot_analytics": [],
            "iot_events": [],
            "kafka": [],
            "kinesis": [],
            "lambda": [
              {
                "function_arn": "arn:aws:lambda:us-east-1:251622686387:function:iot-to-influxdb"
              }
            ],
            "name": "iot_to_influxdb_rule_usv_status",
            "republish": [],
            "s3": [],
            "sns": [],
            "sql": "SELECT *, 'general_status' as influx_bucket FROM 'usv/status/data'",
            "sql_version": "2016-03-23",
            "sqs": [],
            "step_functions": [],
            "tags": {},
            "tags_all": {},
            "timestream": []
          },
          "sensitive_attributes": [],
          "identity_schema_version": 0,
          "private": "bnVsbA==",
          "dependencies": [
            "module.lambda_influxdb_iotcore.aws_iam_role.lambda_exec",
            "module.lambda_influxdb_iotcore.aws_lambda_function.iot_influx_lambda",
            "module.lambda_influxdb_iotcore.data.archive_file.lambda_final_zip",
            "module.lambda_influxdb_iotcore.null_resource.prepare_package",
            "module.tsdb-sentinel.aws_security_group.influxdb_sg",
            "module.tsdb-sentinel.aws_subnet.influxdb_public_subnet_1",
            "module.tsdb-sentinel.aws_subnet.influxdb_public_subnet_2",
            "module.tsdb-sentinel.aws_timestreaminfluxdb_db_instance.influxdb_instance",
            "module.tsdb-sentinel.aws_vpc.influxdb_vpc",
            "module.tsdb-sentinel.data.aws_availability_zones.available"
          ]
        }
      ]
    },
    {
      "module": "module.lambda_influxdb_iotcore",
      "mode": "managed",
      "type": "aws_lambda_function",
      "name": "iot_influx_lambda",
      "provider": "module.lambda_influxdb_iotcore.provider[\"registry.terraform.io/hashicorp/aws\"]",
      "instances": [
        {
          "schema_version": 0,
          "attributes": {
            "architectures": [
              "x86_64"
            ],
            "arn": "arn:aws:lambda:us-east-1:251622686387:function:iot-to-influxdb",
            "code_sha256": "oRukzSH6JGPF7ubxVppTOaYBMbXD+OpY+ZiUhze9zXs=",
            "code_signing_config_arn": "",
            "dead_letter_config": [],
            "description": "",
            "environment": [
              {
                "variables": {
                  "INFLUXDB_BUCKET": "mi-bucket-inicial",
                  "INFLUXDB_ORG": "mi-organizacion",
                  "INFLUXDB_PASSWORD": "TuContrasenaSegura2026",
                  "INFLUXDB_URL": "https://ideg6cw4dy-bezw2yukxgelyz.timestream-influxdb.us-east-1.on.aws:8086",
                  "INFLUXDB_USERNAME": "admin"
                }
              }
            ],
            "ephemeral_storage": [
              {
                "size": 512
              }
            ],
            "file_system_config": [],
            "filename": "lambda_influxdb_iotcore/lambda_function.zip",
            "function_name": "iot-to-influxdb",
            "handler": "lambda_function.lambda_handler",
            "id": "iot-to-influxdb",
            "image_config": [],
            "image_uri": "",
            "invoke_arn": "arn:aws:apigateway:us-east-1:lambda:path/2015-03-31/functions/arn:aws:lambda:us-east-1:251622686387:function:iot-to-influxdb/invocations",
            "kms_key_arn": "",
            "last_modified": "2026-03-12T14:48:28.622+0000",
            "layers": [],
            "logging_config": [
              {
                "application_log_level": "",
                "log_format": "Text",
                "log_group": "/aws/lambda/iot-to-influxdb",
                "system_log_level": ""
              }
            ],
            "memory_size": 128,
            "package_type": "Zip",
            "publish": false,
            "qualified_arn": "arn:aws:lambda:us-east-1:251622686387:function:iot-to-influxdb:$LATEST",
            "qualified_invoke_arn": "arn:aws:apigateway:us-east-1:lambda:path/2015-03-31/functions/arn:aws:lambda:us-east-1:251622686387:function:iot-to-influxdb:$LATEST/invocations",
            "replace_security_groups_on_destroy": null,
            "replacement_security_group_ids": null,
            "reserved_concurrent_executions": -1,
            "role": "arn:aws:iam::251622686387:role/iot-to-influxdb_role",
            "runtime": "python3.11",
            "s3_bucket": null,
            "s3_key": null,
            "s3_object_version": null,
            "signing_job_arn": "",
            "signing_profile_version_arn": "",
            "skip_destroy": false,
            "snap_start": [],
            "source_code_hash": "ouz9YuYgE86/dCm/s2GX1o+7XmnKZp3UahWXw4axRcs=",
            "source_code_size": 2562,
            "tags": {},
            "tags_all": {},
            "timeout": 30,
            "timeouts": null,
            "tracing_config": [
              {
                "mode": "PassThrough"
              }
            ],
            "version": "$LATEST",
            "vpc_config": []
          },
          "sensitive_attributes": [
            [
              {
                "type": "get_attr",
                "value": "environment"
              },
              {
                "type": "index",
                "value": {
                  "value": 0,
                  "type": "number"
                }
              },
              {
                "type": "get_attr",
                "value": "variables"
              },
              {
                "type": "index",
                "value": {
                  "value": "INFLUXDB_PASSWORD",
                  "type": "string"
                }
              }
            ]
          ],
          "identity_schema_version": 0,
          "private": "eyJlMmJmYjczMC1lY2FhLTExZTYtOGY4OC0zNDM2M2JjN2M0YzAiOnsiY3JlYXRlIjo2MDAwMDAwMDAwMDAsImRlbGV0ZSI6NjAwMDAwMDAwMDAwLCJ1cGRhdGUiOjYwMDAwMDAwMDAwMH19",
          "dependencies": [
            "module.lambda_influxdb_iotcore.aws_iam_role.lambda_exec",
            "module.lambda_influxdb_iotcore.data.archive_file.lambda_final_zip",
            "module.lambda_influxdb_iotcore.null_resource.prepare_package",
            "module.tsdb-sentinel.aws_security_group.influxdb_sg",
            "module.tsdb-sentinel.aws_subnet.influxdb_public_subnet_1",
            "module.tsdb-sentinel.aws_subnet.influxdb_public_subnet_2",
            "module.tsdb-sentinel.aws_timestreaminfluxdb_db_instance.influxdb_instance",
            "module.tsdb-sentinel.aws_vpc.influxdb_vpc",
            "module.tsdb-sentinel.data.aws_availability_zones.available"
          ]
        }
      ]
    },
    {
      "module": "module.lambda_influxdb_iotcore",
      "mode": "managed",
      "type": "aws_lambda_permission",
      "name": "allow_iot",
      "provider": "module.lambda_influxdb_iotcore.provider[\"registry.terraform.io/hashicorp/aws\"]",
      "instances": [
        {
          "index_key": "usv_logs",
          "schema_version": 0,
          "attributes": {
            "action": "lambda:InvokeFunction",
            "event_source_token": null,
            "function_name": "iot-to-influxdb",
            "function_url_auth_type": null,
            "id": "AllowExecutionFromIoT_usv_logs",
            "principal": "iot.amazonaws.com",
            "principal_org_id": null,
            "qualifier": "",
            "source_account": null,
            "source_arn": "arn:aws:iot:us-east-1:251622686387:rule/iot_to_influxdb_rule_usv_logs",
            "statement_id": "AllowExecutionFromIoT_usv_logs",
            "statement_id_prefix": ""
          },
          "sensitive_attributes": [],
          "identity_schema_version": 0,
          "private": "bnVsbA==",
          "dependencies": [
            "module.lambda_influxdb_iotcore.aws_iam_role.lambda_exec",
            "module.lambda_influxdb_iotcore.aws_iot_topic_rule.rules",
            "module.lambda_influxdb_iotcore.aws_lambda_function.iot_influx_lambda",
            "module.lambda_influxdb_iotcore.data.archive_file.lambda_final_zip",
            "module.lambda_influxdb_iotcore.null_resource.prepare_package",
            "module.tsdb-sentinel.aws_security_group.influxdb_sg",
            "module.tsdb-sentinel.aws_subnet.influxdb_public_subnet_1",
            "module.tsdb-sentinel.aws_subnet.influxdb_public_subnet_2",
            "module.tsdb-sentinel.aws_timestreaminfluxdb_db_instance.influxdb_instance",
            "module.tsdb-sentinel.aws_vpc.influxdb_vpc",
            "module.tsdb-sentinel.data.aws_availability_zones.available"
          ]
        },
        {
          "index_key": "usv_mission",
          "schema_version": 0,
          "attributes": {
            "action": "lambda:InvokeFunction",
            "event_source_token": null,
            "function_name": "iot-to-influxdb",
            "function_url_auth_type": null,
            "id": "AllowExecutionFromIoT_usv_mission",
            "principal": "iot.amazonaws.com",
            "principal_org_id": null,
            "qualifier": "",
            "source_account": null,
            "source_arn": "arn:aws:iot:us-east-1:251622686387:rule/iot_to_influxdb_rule_usv_mission",
            "statement_id": "AllowExecutionFromIoT_usv_mission",
            "statement_id_prefix": ""
          },
          "sensitive_attributes": [],
          "identity_schema_version": 0,
          "private": "bnVsbA==",
          "dependencies": [
            "module.lambda_influxdb_iotcore.aws_iam_role.lambda_exec",
            "module.lambda_influxdb_iotcore.aws_iot_topic_rule.rules",
            "module.lambda_influxdb_iotcore.aws_lambda_function.iot_influx_lambda",
            "module.lambda_influxdb_iotcore.data.archive_file.lambda_final_zip",
            "module.lambda_influxdb_iotcore.null_resource.prepare_package",
            "module.tsdb-sentinel.aws_security_group.influxdb_sg",
            "module.tsdb-sentinel.aws_subnet.influxdb_public_subnet_1",
            "module.tsdb-sentinel.aws_subnet.influxdb_public_subnet_2",
            "module.tsdb-sentinel.aws_timestreaminfluxdb_db_instance.influxdb_instance",
            "module.tsdb-sentinel.aws_vpc.influxdb_vpc",
            "module.tsdb-sentinel.data.aws_availability_zones.available"
          ]
        },
        {
          "index_key": "usv_status",
          "schema_version": 0,
          "attributes": {
            "action": "lambda:InvokeFunction",
            "event_source_token": null,
            "function_name": "iot-to-influxdb",
            "function_url_auth_type": null,
            "id": "AllowExecutionFromIoT_usv_status",
            "principal": "iot.amazonaws.com",
            "principal_org_id": null,
            "qualifier": "",
            "source_account": null,
            "source_arn": "arn:aws:iot:us-east-1:251622686387:rule/iot_to_influxdb_rule_usv_status",
            "statement_id": "AllowExecutionFromIoT_usv_status",
            "statement_id_prefix": ""
          },
          "sensitive_attributes": [],
          "identity_schema_version": 0,
          "private": "bnVsbA==",
          "dependencies": [
            "module.lambda_influxdb_iotcore.aws_iam_role.lambda_exec",
            "module.lambda_influxdb_iotcore.aws_iot_topic_rule.rules",
            "module.lambda_influxdb_iotcore.aws_lambda_function.iot_influx_lambda",
            "module.lambda_influxdb_iotcore.data.archive_file.lambda_final_zip",
            "module.lambda_influxdb_iotcore.null_resource.prepare_package",
            "module.tsdb-sentinel.aws_security_group.influxdb_sg",
            "module.tsdb-sentinel.aws_subnet.influxdb_public_subnet_1",
            "module.tsdb-sentinel.aws_subnet.influxdb_public_subnet_2",
            "module.tsdb-sentinel.aws_timestreaminfluxdb_db_instance.influxdb_instance",
            "module.tsdb-sentinel.aws_vpc.influxdb_vpc",
            "module.tsdb-sentinel.data.aws_availability_zones.available"
          ]
        }
      ]
    },
    {
      "module": "module.lambda_influxdb_iotcore",
      "mode": "managed",
      "type": "null_resource",
      "name": "prepare_package",
      "provider": "provider[\"registry.terraform.io/hashicorp/null\"]",
      "instances": [
        {
          "schema_version": 0,
          "attributes": {
            "id": "8652895010278693234",
            "triggers": {
              "requirements": "d41d8cd98f00b204e9800998ecf8427e",
              "source_code": "e4d38bb37695a6a62bdfdb6ef4b8535d"
            }
          },
          "sensitive_attributes": [],
          "identity_schema_version": 0
        }
      ]
    },
    {
      "module": "module.tsdb-sentinel",
      "mode": "data",
      "type": "aws_availability_zones",
      "name": "available",
      "provider": "module.tsdb-sentinel.provider[\"registry.terraform.io/hashicorp/aws\"]",
      "instances": [
        {
          "schema_version": 0,
          "attributes": {
            "all_availability_zones": null,
            "exclude_names": null,
            "exclude_zone_ids": null,
            "filter": null,
            "group_names": [
              "us-east-1-zg-1"
            ],
            "id": "us-east-1",
            "names": [
              "us-east-1a",
              "us-east-1b",
              "us-east-1c",
              "us-east-1d",
              "us-east-1e",
              "us-east-1f"
            ],
            "state": "available",
            "timeouts": null,
            "zone_ids": [
              "use1-az1",
              "use1-az2",
              "use1-az4",
              "use1-az6",
              "use1-az3",
              "use1-az5"
            ]
          },
          "sensitive_attributes": [],
          "identity_schema_version": 0
        }
      ]
    },
    {
      "module": "module.tsdb-sentinel",
      "mode": "managed",
      "type": "aws_internet_gateway",
      "name": "influxdb_igw",
      "provider": "module.tsdb-sentinel.provider[\"registry.terraform.io/hashicorp/aws\"]",
      "instances": [
        {
          "schema_version": 0,
          "attributes": {
            "arn": "arn:aws:ec2:us-east-1:251622686387:internet-gateway/igw-06cc23655147943ea",
            "id": "igw-06cc23655147943ea",
            "owner_id": "251622686387",
            "tags": {
              "Name": "influxdb-igw"
            },
            "tags_all": {
              "Name": "influxdb-igw"
            },
            "timeouts": null,
            "vpc_id": "vpc-0caa4222238cf29e9"
          },
          "sensitive_attributes": [],
          "identity_schema_version": 0,
          "private": "eyJlMmJmYjczMC1lY2FhLTExZTYtOGY4OC0zNDM2M2JjN2M0YzAiOnsiY3JlYXRlIjoxMjAwMDAwMDAwMDAwLCJkZWxldGUiOjEyMDAwMDAwMDAwMDAsInVwZGF0ZSI6MTIwMDAwMDAwMDAwMH19",
          "dependencies": [
            "module.tsdb-sentinel.aws_vpc.influxdb_vpc"
          ]
        }
      ]
    },
    {
      "module": "module.tsdb-sentinel",
      "mode": "managed",
      "type": "aws_route_table",
      "name": "influxdb_public_rt",
      "provider": "module.tsdb-sentinel.provider[\"registry.terraform.io/hashicorp/aws\"]",
      "instances": [
        {
          "schema_version": 0,
          "attributes": {
            "arn": "arn:aws:ec2:us-east-1:251622686387:route-table/rtb-085f379994dc3c419",
            "id": "rtb-085f379994dc3c419",
            "owner_id": "251622686387",
            "propagating_vgws": [],
            "route": [
              {
                "carrier_gateway_id": "",
                "cidr_block": "0.0.0.0/0",
                "core_network_arn": "",
                "destination_prefix_list_id": "",
                "egress_only_gateway_id": "",
                "gateway_id": "igw-06cc23655147943ea",
                "ipv6_cidr_block": "",
                "local_gateway_id": "",
                "nat_gateway_id": "",
                "network_interface_id": "",
                "transit_gateway_id": "",
                "vpc_endpoint_id": "",
                "vpc_peering_connection_id": ""
              }
            ],
            "tags": {
              "Name": "influxdb-public-rt"
            },
            "tags_all": {
              "Name": "influxdb-public-rt"
            },
            "timeouts": null,
            "vpc_id": "vpc-0caa4222238cf29e9"
          },
          "sensitive_attributes": [],
          "identity_schema_version": 0,
          "private": "eyJlMmJmYjczMC1lY2FhLTExZTYtOGY4OC0zNDM2M2JjN2M0YzAiOnsiY3JlYXRlIjozMDAwMDAwMDAwMDAsImRlbGV0ZSI6MzAwMDAwMDAwMDAwLCJ1cGRhdGUiOjEyMDAwMDAwMDAwMH19",
          "dependencies": [
            "module.tsdb-sentinel.aws_internet_gateway.influxdb_igw",
            "module.tsdb-sentinel.aws_vpc.influxdb_vpc"
          ]
        }
      ]
    },
    {
      "module": "module.tsdb-sentinel",
      "mode": "managed",
      "type": "aws_route_table_association",
      "name": "public_subnet_1_association",
      "provider": "module.tsdb-sentinel.provider[\"registry.terraform.io/hashicorp/aws\"]",
      "instances": [
        {
          "schema_version": 0,
          "attributes": {
            "gateway_id": "",
            "id": "rtbassoc-06ac1cf24e1c7da0b",
            "route_table_id": "rtb-085f379994dc3c419",
            "subnet_id": "subnet-06052a340519cf8d5",
            "timeouts": null
          },
          "sensitive_attributes": [],
          "identity_schema_version": 0,
          "private": "eyJlMmJmYjczMC1lY2FhLTExZTYtOGY4OC0zNDM2M2JjN2M0YzAiOnsiY3JlYXRlIjozMDAwMDAwMDAwMDAsImRlbGV0ZSI6MzAwMDAwMDAwMDAwLCJ1cGRhdGUiOjEyMDAwMDAwMDAwMH19",
          "dependencies": [
            "module.tsdb-sentinel.aws_internet_gateway.influxdb_igw",
            "module.tsdb-sentinel.aws_route_table.influxdb_public_rt",
            "module.tsdb-sentinel.aws_subnet.influxdb_public_subnet_1",
            "module.tsdb-sentinel.aws_vpc.influxdb_vpc",
            "module.tsdb-sentinel.data.aws_availability_zones.available"
          ]
        }
      ]
    },
    {
      "module": "module.tsdb-sentinel",
      "mode": "managed",
      "type": "aws_route_table_association",
      "name": "public_subnet_2_association",
      "provider": "module.tsdb-sentinel.provider[\"registry.terraform.io/hashicorp/aws\"]",
      "instances": [
        {
          "schema_version": 0,
          "attributes": {
            "gateway_id": "",
            "id": "rtbassoc-036bb099685225c74",
            "route_table_id": "rtb-085f379994dc3c419",
            "subnet_id": "subnet-0816bf74c2dee2394",
            "timeouts": null
          },
          "sensitive_attributes": [],
          "identity_schema_version": 0,
          "private": "eyJlMmJmYjczMC1lY2FhLTExZTYtOGY4OC0zNDM2M2JjN2M0YzAiOnsiY3JlYXRlIjozMDAwMDAwMDAwMDAsImRlbGV0ZSI6MzAwMDAwMDAwMDAwLCJ1cGRhdGUiOjEyMDAwMDAwMDAwMH19",
          "dependencies": [
            "module.tsdb-sentinel.aws_internet_gateway.influxdb_igw",
            "module.tsdb-sentinel.aws_route_table.influxdb_public_rt",
            "module.tsdb-sentinel.aws_subnet.influxdb_public_subnet_2",
            "module.tsdb-sentinel.aws_vpc.influxdb_vpc",
            "module.tsdb-sentinel.data.aws_availability_zones.available"
          ]
        }
      ]
    },
    {
      "module": "module.tsdb-sentinel",
      "mode": "managed",
      "type": "aws_secretsmanager_secret",
      "name": "influx_token",
      "provider": "module.tsdb-sentinel.provider[\"registry.terraform.io/hashicorp/aws\"]",
      "instances": [
        {
          "schema_version": 0,
          "attributes": {
            "arn": "arn:aws:secretsmanager:us-east-1:251622686387:secret:influxdb_admin_token_0fa71ed1-2e40-565c-989a-3b1a862e1f7b-W9dJ0N",
            "description": "Token de acceso para InfluxDB",
            "force_overwrite_replica_secret": false,
            "id": "arn:aws:secretsmanager:us-east-1:251622686387:secret:influxdb_admin_token_0fa71ed1-2e40-565c-989a-3b1a862e1f7b-W9dJ0N",
            "kms_key_id": "",
            "name": "influxdb_admin_token_0fa71ed1-2e40-565c-989a-3b1a862e1f7b",
            "name_prefix": "",
            "policy": "",
            "recovery_window_in_days": 30,
            "replica": [],
            "tags": null,
            "tags_all": {}
          },
          "sensitive_attributes": [],
          "identity_schema_version": 0,
          "private": "bnVsbA=="
        }
      ]
    },
    {
      "module": "module.tsdb-sentinel",
      "mode": "managed",
      "type": "aws_secretsmanager_secret_version",
      "name": "influx_token_val",
      "provider": "module.tsdb-sentinel.provider[\"registry.terraform.io/hashicorp/aws\"]",
      "instances": [
        {
          "schema_version": 0,
          "attributes": {
            "arn": "arn:aws:secretsmanager:us-east-1:251622686387:secret:influxdb_admin_token_0fa71ed1-2e40-565c-989a-3b1a862e1f7b-W9dJ0N",
            "has_secret_string_wo": null,
            "id": "arn:aws:secretsmanager:us-east-1:251622686387:secret:influxdb_admin_token_0fa71ed1-2e40-565c-989a-3b1a862e1f7b-W9dJ0N|terraform-20260325001117224700000002",
            "secret_binary": "",
            "secret_id": "arn:aws:secretsmanager:us-east-1:251622686387:secret:influxdb_admin_token_0fa71ed1-2e40-565c-989a-3b1a862e1f7b-W9dJ0N",
            "secret_string": "TuContrasenaSegura2026",
            "secret_string_wo": null,
            "secret_string_wo_version": null,
            "version_id": "terraform-20260325001117224700000002",
            "version_stages": [
              "AWSCURRENT"
            ]
          },
          "sensitive_attributes": [
            [
              {
                "type": "get_attr",
                "value": "secret_binary"
              }
            ],
            [
              {
                "type": "get_attr",
                "value": "secret_string"
              }
            ],
            [
              {
                "type": "get_attr",
                "value": "secret_string_wo"
              }
            ]
          ],
          "identity_schema_version": 0,
          "private": "bnVsbA==",
          "dependencies": [
            "module.tsdb-sentinel.aws_secretsmanager_secret.influx_token"
          ]
        }
      ]
    },
    {
      "module": "module.tsdb-sentinel",
      "mode": "managed",
      "type": "aws_security_group",
      "name": "influxdb_sg",
      "provider": "module.tsdb-sentinel.provider[\"registry.terraform.io/hashicorp/aws\"]",
      "instances": [
        {
          "schema_version": 1,
          "attributes": {
            "arn": "arn:aws:ec2:us-east-1:251622686387:security-group/sg-0d318c6e59e7e8396",
            "description": "Security group para InfluxDB",
            "egress": [
              {
                "cidr_blocks": [
                  "0.0.0.0/0"
                ],
                "description": "",
                "from_port": 0,
                "ipv6_cidr_blocks": [],
                "prefix_list_ids": [],
                "protocol": "-1",
                "security_groups": [],
                "self": false,
                "to_port": 0
              }
            ],
            "id": "sg-0d318c6e59e7e8396",
            "ingress": [
              {
                "cidr_blocks": [
                  "0.0.0.0/0"
                ],
                "description": "",
                "from_port": 8086,
                "ipv6_cidr_blocks": [],
                "prefix_list_ids": [],
                "protocol": "tcp",
                "security_groups": [],
                "self": false,
                "to_port": 8086
              }
            ],
            "name": "influxdb-security-group",
            "name_prefix": "",
            "owner_id": "251622686387",
            "revoke_rules_on_delete": false,
            "tags": {
              "Name": "influxdb-sg"
            },
            "tags_all": {
              "Name": "influxdb-sg"
            },
            "timeouts": null,
            "vpc_id": "vpc-0caa4222238cf29e9"
          },
          "sensitive_attributes": [],
          "identity_schema_version": 0,
          "private": "eyJlMmJmYjczMC1lY2FhLTExZTYtOGY4OC0zNDM2M2JjN2M0YzAiOnsiY3JlYXRlIjo2MDAwMDAwMDAwMDAsImRlbGV0ZSI6OTAwMDAwMDAwMDAwfSwic2NoZW1hX3ZlcnNpb24iOiIxIn0=",
          "dependencies": [
            "module.tsdb-sentinel.aws_vpc.influxdb_vpc"
          ]
        }
      ]
    },
    {
      "module": "module.tsdb-sentinel",
      "mode": "managed",
      "type": "aws_subnet",
      "name": "influxdb_public_subnet_1",
      "provider": "module.tsdb-sentinel.provider[\"registry.terraform.io/hashicorp/aws\"]",
      "instances": [
        {
          "schema_version": 1,
          "attributes": {
            "arn": "arn:aws:ec2:us-east-1:251622686387:subnet/subnet-06052a340519cf8d5",
            "assign_ipv6_address_on_creation": false,
            "availability_zone": "us-east-1a",
            "availability_zone_id": "use1-az1",
            "cidr_block": "10.0.1.0/24",
            "customer_owned_ipv4_pool": "",
            "enable_dns64": false,
            "enable_lni_at_device_index": 0,
            "enable_resource_name_dns_a_record_on_launch": false,
            "enable_resource_name_dns_aaaa_record_on_launch": false,
            "id": "subnet-06052a340519cf8d5",
            "ipv6_cidr_block": "",
            "ipv6_cidr_block_association_id": "",
            "ipv6_native": false,
            "map_customer_owned_ip_on_launch": false,
            "map_public_ip_on_launch": true,
            "outpost_arn": "",
            "owner_id": "251622686387",
            "private_dns_hostname_type_on_launch": "ip-name",
            "tags": {
              "Name": "influxdb-public-subnet-1"
            },
            "tags_all": {
              "Name": "influxdb-public-subnet-1"
            },
            "timeouts": null,
            "vpc_id": "vpc-0caa4222238cf29e9"
          },
          "sensitive_attributes": [],
          "identity_schema_version": 0,
          "private": "eyJlMmJmYjczMC1lY2FhLTExZTYtOGY4OC0zNDM2M2JjN2M0YzAiOnsiY3JlYXRlIjo2MDAwMDAwMDAwMDAsImRlbGV0ZSI6MTIwMDAwMDAwMDAwMH0sInNjaGVtYV92ZXJzaW9uIjoiMSJ9",
          "dependencies": [
            "module.tsdb-sentinel.aws_vpc.influxdb_vpc",
            "module.tsdb-sentinel.data.aws_availability_zones.available"
          ]
        }
      ]
    },
    {
      "module": "module.tsdb-sentinel",
      "mode": "managed",
      "type": "aws_subnet",
      "name": "influxdb_public_subnet_2",
      "provider": "module.tsdb-sentinel.provider[\"registry.terraform.io/hashicorp/aws\"]",
      "instances": [
        {
          "schema_version": 1,
          "attributes": {
            "arn": "arn:aws:ec2:us-east-1:251622686387:subnet/subnet-0816bf74c2dee2394",
            "assign_ipv6_address_on_creation": false,
            "availability_zone": "us-east-1b",
            "availability_zone_id": "use1-az2",
            "cidr_block": "10.0.2.0/24",
            "customer_owned_ipv4_pool": "",
            "enable_dns64": false,
            "enable_lni_at_device_index": 0,
            "enable_resource_name_dns_a_record_on_launch": false,
            "enable_resource_name_dns_aaaa_record_on_launch": false,
            "id": "subnet-0816bf74c2dee2394",
            "ipv6_cidr_block": "",
            "ipv6_cidr_block_association_id": "",
            "ipv6_native": false,
            "map_customer_owned_ip_on_launch": false,
            "map_public_ip_on_launch": true,
            "outpost_arn": "",
            "owner_id": "251622686387",
            "private_dns_hostname_type_on_launch": "ip-name",
            "tags": {
              "Name": "influxdb-public-subnet-2"
            },
            "tags_all": {
              "Name": "influxdb-public-subnet-2"
            },
            "timeouts": null,
            "vpc_id": "vpc-0caa4222238cf29e9"
          },
          "sensitive_attributes": [],
          "identity_schema_version": 0,
          "private": "eyJlMmJmYjczMC1lY2FhLTExZTYtOGY4OC0zNDM2M2JjN2M0YzAiOnsiY3JlYXRlIjo2MDAwMDAwMDAwMDAsImRlbGV0ZSI6MTIwMDAwMDAwMDAwMH0sInNjaGVtYV92ZXJzaW9uIjoiMSJ9",
          "dependencies": [
            "module.tsdb-sentinel.aws_vpc.influxdb_vpc",
            "module.tsdb-sentinel.data.aws_availability_zones.available"
          ]
        }
      ]
    },
    {
      "module": "module.tsdb-sentinel",
      "mode": "managed",
      "type": "aws_timestreaminfluxdb_db_instance",
      "name": "influxdb_instance",
      "provider": "module.tsdb-sentinel.provider[\"registry.terraform.io/hashicorp/aws\"]",
      "instances": [
        {
          "schema_version": 0,
          "attributes": {
            "allocated_storage": 20,
            "arn": "arn:aws:timestream-influxdb:us-east-1:251622686387:db-instance/ideg6cw4dy",
            "availability_zone": "us-east-1a",
            "bucket": "mi-bucket-inicial",
            "db_instance_type": "db.influx.medium",
            "db_parameter_group_identifier": null,
            "db_storage_type": "InfluxIOIncludedT1",
            "deployment_type": "SINGLE_AZ",
            "endpoint": "ideg6cw4dy-bezw2yukxgelyz.timestream-influxdb.us-east-1.on.aws",
            "id": "ideg6cw4dy",
            "influx_auth_parameters_secret_arn": "arn:aws:secretsmanager:us-east-1:251622686387:secret:READONLY-InfluxDB-auth-parameters-ideg6cw4dy-wM85GW",
            "log_delivery_configuration": [],
            "name": "mi-influxdb-instance",
            "network_type": "IPV4",
            "organization": "mi-organizacion",
            "password": "TuContrasenaSegura2026",
            "port": 8086,
            "publicly_accessible": true,
            "secondary_availability_zone": "",
            "tags": {
              "Name": "timestream-influxdb-instance"
            },
            "tags_all": {
              "Name": "timestream-influxdb-instance"
            },
            "timeouts": null,
            "username": "admin",
            "vpc_security_group_ids": [
              "sg-0d318c6e59e7e8396"
            ],
            "vpc_subnet_ids": [
              "subnet-06052a340519cf8d5",
              "subnet-0816bf74c2dee2394"
            ]
          },
          "sensitive_attributes": [
            [
              {
                "type": "get_attr",
                "value": "password"
              }
            ]
          ],
          "identity_schema_version": 0,
          "dependencies": [
            "module.tsdb-sentinel.aws_security_group.influxdb_sg",
            "module.tsdb-sentinel.aws_subnet.influxdb_public_subnet_1",
            "module.tsdb-sentinel.aws_subnet.influxdb_public_subnet_2",
            "module.tsdb-sentinel.aws_vpc.influxdb_vpc",
            "module.tsdb-sentinel.data.aws_availability_zones.available"
          ]
        }
      ]
    },
    {
      "module": "module.tsdb-sentinel",
      "mode": "managed",
      "type": "aws_vpc",
      "name": "influxdb_vpc",
      "provider": "module.tsdb-sentinel.provider[\"registry.terraform.io/hashicorp/aws\"]",
      "instances": [
        {
          "schema_version": 1,
          "attributes": {
            "arn": "arn:aws:ec2:us-east-1:251622686387:vpc/vpc-0caa4222238cf29e9",
            "assign_generated_ipv6_cidr_block": false,
            "cidr_block": "10.0.0.0/16",
            "default_network_acl_id": "acl-0b25c84764e2e4504",
            "default_route_table_id": "rtb-0aa7ecec68df5910f",
            "default_security_group_id": "sg-059284f47e08129f9",
            "dhcp_options_id": "dopt-005b443c7f8e10f5f",
            "enable_dns_hostnames": true,
            "enable_dns_support": true,
            "enable_network_address_usage_metrics": false,
            "id": "vpc-0caa4222238cf29e9",
            "instance_tenancy": "default",
            "ipv4_ipam_pool_id": null,
            "ipv4_netmask_length": null,
            "ipv6_association_id": "",
            "ipv6_cidr_block": "",
            "ipv6_cidr_block_network_border_group": "",
            "ipv6_ipam_pool_id": "",
            "ipv6_netmask_length": 0,
            "main_route_table_id": "rtb-0aa7ecec68df5910f",
            "owner_id": "251622686387",
            "tags": {
              "Name": "influxdb-vpc"
            },
            "tags_all": {
              "Name": "influxdb-vpc"
            }
          },
          "sensitive_attributes": [],
          "identity_schema_version": 0,
          "private": "eyJzY2hlbWFfdmVyc2lvbiI6IjEifQ=="
        }
      ]
    },
    {
      "module": "module.tsdb-sentinel",
      "mode": "managed",
      "type": "null_resource",
      "name": "create_additional_buckets",
      "provider": "provider[\"registry.terraform.io/hashicorp/null\"]",
      "instances": []
    },
    {
      "module": "module.tsdb-sentinel",
      "mode": "managed",
      "type": "null_resource",
      "name": "list_buckets_output",
      "provider": "provider[\"registry.terraform.io/hashicorp/null\"]",
      "instances": [
        {
          "schema_version": 0,
          "attributes": {
            "id": "4196721270579972907",
            "triggers": {
              "always_run": "2026-03-25T00:11:16Z"
            }
          },
          "sensitive_attributes": [],
          "identity_schema_version": 0,
          "dependencies": [
            "module.tsdb-sentinel.aws_security_group.influxdb_sg",
            "module.tsdb-sentinel.aws_subnet.influxdb_public_subnet_1",
            "module.tsdb-sentinel.aws_subnet.influxdb_public_subnet_2",
            "module.tsdb-sentinel.aws_timestreaminfluxdb_db_instance.influxdb_instance",
            "module.tsdb-sentinel.aws_vpc.influxdb_vpc",
            "module.tsdb-sentinel.data.aws_availability_zones.available",
            "module.tsdb-sentinel.null_resource.create_additional_buckets"
          ]
        }
      ]
    },
    {
      "module": "module.vm-sentinel",
      "mode": "data",
      "type": "aws_ami",
      "name": "ubuntu_22_04",
      "provider": "module.vm-sentinel.provider[\"registry.terraform.io/hashicorp/aws\"]",
      "instances": [
        {
          "schema_version": 0,
          "attributes": {
            "architecture": "x86_64",
            "arn": "arn:aws:ec2:us-east-1::image/ami-00de3875b03809ec5",
            "block_device_mappings": [
              {
                "device_name": "/dev/sda1",
                "ebs": {
                  "delete_on_termination": "true",
                  "encrypted": "false",
                  "iops": "0",
                  "snapshot_id": "snap-0986d8cd7a99c0752",
                  "throughput": "0",
                  "volume_initialization_rate": "0",
                  "volume_size": "8",
                  "volume_type": "gp2"
                },
                "no_device": "",
                "virtual_name": ""
              },
              {
                "device_name": "/dev/sdb",
                "ebs": {},
                "no_device": "",
                "virtual_name": "ephemeral0"
              },
              {
                "device_name": "/dev/sdc",
                "ebs": {},
                "no_device": "",
                "virtual_name": "ephemeral1"
              }
            ],
            "boot_mode": "uefi-preferred",
            "creation_date": "2026-03-20T06:59:01.000Z",
            "deprecation_time": "2028-03-20T06:59:01.000Z",
            "description": "Canonical, Ubuntu, 22.04, amd64 jammy image",
            "ena_support": true,
            "executable_users": null,
            "filter": [
              {
                "name": "architecture",
                "values": [
                  "x86_64"
                ]
              },
              {
                "name": "name",
                "values": [
                  "ubuntu/images/hvm-ssd/ubuntu-jammy-22.04-amd64-server-*"
                ]
              },
              {
                "name": "virtualization-type",
                "values": [
                  "hvm"
                ]
              }
            ],
            "hypervisor": "xen",
            "id": "ami-00de3875b03809ec5",
            "image_id": "ami-00de3875b03809ec5",
            "image_location": "amazon/ubuntu/images/hvm-ssd/ubuntu-jammy-22.04-amd64-server-20260320",
            "image_owner_alias": "amazon",
            "image_type": "machine",
            "imds_support": "",
            "include_deprecated": false,
            "kernel_id": "",
            "last_launched_time": "",
            "most_recent": true,
            "name": "ubuntu/images/hvm-ssd/ubuntu-jammy-22.04-amd64-server-20260320",
            "name_regex": null,
            "owner_id": "099720109477",
            "owners": [
              "099720109477"
            ],
            "platform": "",
            "platform_details": "Linux/UNIX",
            "product_codes": [],
            "public": true,
            "ramdisk_id": "",
            "root_device_name": "/dev/sda1",
            "root_device_type": "ebs",
            "root_snapshot_id": "snap-0986d8cd7a99c0752",
            "sriov_net_support": "simple",
            "state": "available",
            "state_reason": {
              "code": "UNSET",
              "message": "UNSET"
            },
            "tags": {},
            "timeouts": null,
            "tpm_support": "",
            "uefi_data": null,
            "usage_operation": "RunInstances",
            "virtualization_type": "hvm"
          },
          "sensitive_attributes": [],
          "identity_schema_version": 0
        }
      ]
    },
    {
      "module": "module.vm-sentinel",
      "mode": "managed",
      "type": "aws_eip",
      "name": "sentinel_eip",
      "provider": "module.vm-sentinel.provider[\"registry.terraform.io/hashicorp/aws\"]",
      "instances": [
        {
          "schema_version": 0,
          "attributes": {
            "address": null,
            "allocation_id": "eipalloc-0093f0e13909096c1",
            "arn": "arn:aws:ec2:us-east-1:251622686387:elastic-ip/eipalloc-0093f0e13909096c1",
            "associate_with_private_ip": null,
            "association_id": "eipassoc-088cc7364ab6676c5",
            "carrier_ip": "",
            "customer_owned_ip": "",
            "customer_owned_ipv4_pool": "",
            "domain": "vpc",
            "id": "eipalloc-0093f0e13909096c1",
            "instance": "i-08306dd3f462b9333",
            "ipam_pool_id": null,
            "network_border_group": "us-east-1",
            "network_interface": "eni-02fc8c34b82858c80",
            "private_dns": "ip-172-31-92-112.ec2.internal",
            "private_ip": "172.31.92.112",
            "ptr_record": "",
            "public_dns": "ec2-18-213-131-17.compute-1.amazonaws.com",
            "public_ip": "18.213.131.17",
            "public_ipv4_pool": "amazon",
            "tags": {
              "Name": "sentinel-eip"
            },
            "tags_all": {
              "Name": "sentinel-eip"
            },
            "timeouts": null,
            "vpc": true
          },
          "sensitive_attributes": [],
          "identity_schema_version": 0,
          "private": "eyJlMmJmYjczMC1lY2FhLTExZTYtOGY4OC0zNDM2M2JjN2M0YzAiOnsiZGVsZXRlIjoxODAwMDAwMDAwMDAsInJlYWQiOjkwMDAwMDAwMDAwMCwidXBkYXRlIjozMDAwMDAwMDAwMDB9fQ==",
          "dependencies": [
            "module.vm-sentinel.aws_instance.sentinel",
            "module.vm-sentinel.aws_key_pair.sentinel_ec2_key_pair",
            "module.vm-sentinel.aws_security_group.docker_sg",
            "module.vm-sentinel.data.aws_ami.ubuntu_22_04"
          ]
        }
      ]
    },
    {
      "module": "module.vm-sentinel",
      "mode": "managed",
      "type": "aws_instance",
      "name": "sentinel",
      "provider": "module.vm-sentinel.provider[\"registry.terraform.io/hashicorp/aws\"]",
      "instances": [
        {
          "schema_version": 1,
          "attributes": {
            "ami": "ami-00de3875b03809ec5",
            "arn": "arn:aws:ec2:us-east-1:251622686387:instance/i-08306dd3f462b9333",
            "associate_public_ip_address": true,
            "availability_zone": "us-east-1b",
            "capacity_reservation_specification": [
              {
                "capacity_reservation_preference": "open",
                "capacity_reservation_target": []
              }
            ],
            "cpu_core_count": 1,
            "cpu_options": [
              {
                "amd_sev_snp": "",
                "core_count": 1,
                "threads_per_core": 2
              }
            ],
            "cpu_threads_per_core": 2,
            "credit_specification": [
              {
                "cpu_credits": "unlimited"
              }
            ],
            "disable_api_stop": false,
            "disable_api_termination": false,
            "ebs_block_device": [],
            "ebs_optimized": false,
            "enable_primary_ipv6": null,
            "enclave_options": [
              {
                "enabled": false
              }
            ],
            "ephemeral_block_device": [],
            "get_password_data": false,
            "hibernation": false,
            "host_id": "",
            "host_resource_group_arn": null,
            "iam_instance_profile": "",
            "id": "i-08306dd3f462b9333",
            "instance_initiated_shutdown_behavior": "stop",
            "instance_lifecycle": "",
            "instance_market_options": [],
            "instance_state": "running",
            "instance_type": "t3.medium",
            "ipv6_address_count": 0,
            "ipv6_addresses": [],
            "key_name": "mykey",
            "launch_template": [],
            "maintenance_options": [
              {
                "auto_recovery": "default"
              }
            ],
            "metadata_options": [
              {
                "http_endpoint": "enabled",
                "http_protocol_ipv6": "disabled",
                "http_put_response_hop_limit": 1,
                "http_tokens": "optional",
                "instance_metadata_tags": "disabled"
              }
            ],
            "monitoring": false,
            "network_interface": [],
            "outpost_arn": "",
            "password_data": "",
            "placement_group": "",
            "placement_partition_number": 0,
            "primary_network_interface_id": "eni-02fc8c34b82858c80",
            "private_dns": "ip-172-31-92-112.ec2.internal",
            "private_dns_name_options": [
              {
                "enable_resource_name_dns_a_record": false,
                "enable_resource_name_dns_aaaa_record": false,
                "hostname_type": "ip-name"
              }
            ],
            "private_ip": "172.31.92.112",
            "public_dns": "ec2-18-213-131-17.compute-1.amazonaws.com",
            "public_ip": "18.213.131.17",
            "root_block_device": [
              {
                "delete_on_termination": true,
                "device_name": "/dev/sda1",
                "encrypted": false,
                "iops": 100,
                "kms_key_id": "",
                "tags": {},
                "tags_all": {},
                "throughput": 0,
                "volume_id": "vol-098c462103f5ba88a",
                "volume_size": 8,
                "volume_type": "gp2"
              }
            ],
            "secondary_private_ips": [],
            "security_groups": [
              "docker-sg"
            ],
            "source_dest_check": true,
            "spot_instance_request_id": "",
            "subnet_id": "subnet-0d3152d9e4874ca1b",
            "tags": {
              "Name": "SentinelInstance"
            },
            "tags_all": {
              "Name": "SentinelInstance"
            },
            "tenancy": "default",
            "timeouts": null,
            "user_data": "f4633e97649925ed830c47d42dd220fea2bdd4be",
            "user_data_base64": null,
            "user_data_replace_on_change": false,
            "volume_tags": null,
            "vpc_security_group_ids": [
              "sg-0f85c8994070a2342"
            ]
          },
          "sensitive_attributes": [],
          "identity_schema_version": 0,
          "private": "eyJlMmJmYjczMC1lY2FhLTExZTYtOGY4OC0zNDM2M2JjN2M0YzAiOnsiY3JlYXRlIjo2MDAwMDAwMDAwMDAsImRlbGV0ZSI6MTIwMDAwMDAwMDAwMCwicmVhZCI6OTAwMDAwMDAwMDAwLCJ1cGRhdGUiOjYwMDAwMDAwMDAwMH0sInNjaGVtYV92ZXJzaW9uIjoiMSJ9",
          "dependencies": [
            "module.vm-sentinel.aws_key_pair.sentinel_ec2_key_pair",
            "module.vm-sentinel.aws_security_group.docker_sg",
            "module.vm-sentinel.data.aws_ami.ubuntu_22_04"
          ]
        }
      ]
    },
    {
      "module": "module.vm-sentinel",
      "mode": "managed",
      "type": "aws_key_pair",
      "name": "sentinel_ec2_key_pair",
      "provider": "module.vm-sentinel.provider[\"registry.terraform.io/hashicorp/aws\"]",
      "instances": [
        {
          "schema_version": 1,
          "attributes": {
            "arn": "arn:aws:ec2:us-east-1:251622686387:key-pair/mykey",
            "fingerprint": "6a:d0:8a:bc:b6:d4:e3:6c:d9:7c:a3:ef:16:9b:24:d3",
            "id": "mykey",
            "key_name": "mykey",
            "key_name_prefix": "",
            "key_pair_id": "key-07b4d8815b788b24f",
            "key_type": "rsa",
            "public_key": "ssh-rsa AAAAB3NzaC1yc2EAAAADAQABAAACAQCnnmLPw+luVO2+tX0oqljZ9otWUNjUDyjBLZ2ejhWGt40nojJtZrntJF8YOwOEXhiqSlhxk/Y0UlKqu6P/bDnA3ylsgQkb88LWQn6PxXBDMWK9GRD99ApAUutZRdF0t8MiDI80+KZ6XRP1yt3CCmkxFbeaFe3io052Ax92U4QNi2bUNdgKh6zJFgNM/Ymz0bFU7vVIDKbP0mNc7G3itBzzEoSjZCgIz4svF5mW3/AS6mD04pmDtUpJ9ZTrwVf7ZtjrTcvxGaut7w5t0/E44Nr7vI1dWLI2u4TPpi0DpO0R7a9y4lfEJpi6pFxCXhiyyMx9A4JY6w7Su2msc59W20B2NUwkv0seMLBduEqxuTMacEf9vIESEf2pWDcCIk1Tye5usWjx7HxX7+rDU/cxd55X+b7sx96xbxkb3eCIzW9L3oXF8zJ6yNSzBELqql2RNpm4kAWICn6r5uFYDPnV1+cmOzA1jxYXsae1diqnifPNYoPOi/kb2gv5GBNLEZZIED0wN7ww3sWiD7z8FqJDljkbZsijRutAGQJ8dRT/E/FIXy6rXm0msOVO3K9lBCHisTccHllacE7//SE9G/iPMYq8BqrjBb1Z7K39ldC89e12fme8uejnFlAuxorAawZyQmt+CUyl4xzHPe+0K6PD5QuVIMWhoFDCBxKzE1sJNR7sKw== lumi@Icarus",
            "tags": {},
            "tags_all": {}
          },
          "sensitive_attributes": [],
          "identity_schema_version": 0,
          "private": "eyJzY2hlbWFfdmVyc2lvbiI6IjEifQ=="
        }
      ]
    },
    {
      "module": "module.vm-sentinel",
      "mode": "managed",
      "type": "aws_security_group",
      "name": "docker_sg",
      "provider": "module.vm-sentinel.provider[\"registry.terraform.io/hashicorp/aws\"]",
      "instances": [
        {
          "schema_version": 1,
          "attributes": {
            "arn": "arn:aws:ec2:us-east-1:251622686387:security-group/sg-0f85c8994070a2342",
            "description": "Security group para permitir SSH y HTTP",
            "egress": [
              {
                "cidr_blocks": [
                  "0.0.0.0/0"
                ],
                "description": "",
                "from_port": 0,
                "ipv6_cidr_blocks": [],
                "prefix_list_ids": [],
                "protocol": "-1",
                "security_groups": [],
                "self": false,
                "to_port": 0
              }
            ],
            "id": "sg-0f85c8994070a2342",
            "ingress": [
              {
                "cidr_blocks": [
                  "0.0.0.0/0"
                ],
                "description": "",
                "from_port": 22,
                "ipv6_cidr_blocks": [],
                "prefix_list_ids": [],
                "protocol": "tcp",
                "security_groups": [],
                "self": false,
                "to_port": 22
              },
              {
                "cidr_blocks": [
                  "0.0.0.0/0"
                ],
                "description": "",
                "from_port": 8000,
                "ipv6_cidr_blocks": [],
                "prefix_list_ids": [],
                "protocol": "tcp",
                "security_groups": [],
                "self": false,
                "to_port": 8000
              },
              {
                "cidr_blocks": [
                  "0.0.0.0/0"
                ],
                "description": "",
                "from_port": 8080,
                "ipv6_cidr_blocks": [],
                "prefix_list_ids": [],
                "protocol": "tcp",
                "security_groups": [],
                "self": false,
                "to_port": 8080
              },
              {
                "cidr_blocks": [
                  "0.0.0.0/0"
                ],
                "description": "",
                "from_port": 8081,
                "ipv6_cidr_blocks": [],
                "prefix_list_ids": [],
                "protocol": "tcp",
                "security_groups": [],
                "self": false,
                "to_port": 8081
              },
              {
                "cidr_blocks": [
                  "0.0.0.0/0"
                ],
                "description": "",
                "from_port": 80,
                "ipv6_cidr_blocks": [],
                "prefix_list_ids": [],
                "protocol": "tcp",
                "security_groups": [],
                "self": false,
                "to_port": 80
              }
            ],
            "name": "docker-sg",
            "name_prefix": "",
            "owner_id": "251622686387",
            "revoke_rules_on_delete": false,
            "tags": {},
            "tags_all": {},
            "timeouts": null,
            "vpc_id": "vpc-08a6730f0ef1a1207"
          },
          "sensitive_attributes": [],
          "identity_schema_version": 0,
          "private": "eyJlMmJmYjczMC1lY2FhLTExZTYtOGY4OC0zNDM2M2JjN2M0YzAiOnsiY3JlYXRlIjo2MDAwMDAwMDAwMDAsImRlbGV0ZSI6OTAwMDAwMDAwMDAwfSwic2NoZW1hX3ZlcnNpb24iOiIxIn0="
        }
      ]
    }
  ],
  "check_results": null
}
